
Microsoft Visual Studio Solution File, Format Version 12.00
# Visual Studio Version 16
VisualStudioVersion = 16.0.30621.155
MinimumVisualStudioVersion = 10.0.40219.1
Project("{9A19103F-16F7-4668-BE54-9A1E7A4F7556}") = "ef-template", "ef-template.csproj", "{A01EDD89-D6DB-415F-8248-C4FE0C450206}"
EndProject
Project("{FAE04EC0-301F-11D3-BF4B-00C04F79EFBC}") = "UnitTests", "..\UnitTests\UnitTests.csproj", "{13A46448-0A86-464A-8937-AFA1C438A288}"
EndProject
Global
	GlobalSection(SolutionConfigurationPlatforms) = preSolution
		Debug|Any CPU = Debug|Any CPU
		Release|Any CPU = Release|Any CPU
	EndGlobalSection
	GlobalSection(ProjectConfigurationPlatforms) = postSolution
		{A01EDD89-D6DB-415F-8248-C4FE0C450206}.Debug|Any CPU.ActiveCfg = Debug|Any CPU
		{A01EDD89-D6DB-415F-8248-C4FE0C450206}.Debug|Any CPU.Build.0 = Debug|Any CPU
		{A01EDD89-D6DB-415F-8248-C4FE0C450206}.Release|Any CPU.ActiveCfg = Release|Any CPU
		{A01EDD89-D6DB-415F-8248-C4FE0C450206}.Release|Any CPU.Build.0 = Release|Any CPU
		{13A46448-0A86-464A-8937-AFA1C438A288}.Debug|Any CPU.ActiveCfg = Debug|Any CPU
		{13A46448-0A86-464A-8937-AFA1C438A288}.Debug|Any CPU.Build.0 = Debug|Any CPU
		{13A46448-0A86-464A-8937-AFA1C438A288}.Release|Any CPU.ActiveCfg = Release|Any CPU
		{13A46448-0A86-464A-8937-AFA1C438A288}.Release|Any CPU.Build.0 = Release|Any CPU
	EndGlobalSection
	GlobalSection(SolutionProperties) = preSolution
		HideSolutionNode = FALSE
	EndGlobalSection
	GlobalSection(ExtensibilityGlobals) = postSolution
		SolutionGuid = {826587B4-9C36-4F05-9BD3-3C0533A553FE}
	EndGlobalSection
EndGlobal
